
Microsoft Visual Studio Solution File, Format Version 12.00
# Visual Studio 15
VisualStudioVersion = 15.0.28307.572
MinimumVisualStudioVersion = 10.0.40219.1
Project("{FAE04EC0-301F-11D3-BF4B-00C04F79EFBC}") = "IntArray", "ConsoleApp2\IntArray.csproj", "{55597879-665E-4DF8-BCEB-99EAFC86276D}"
EndProject
Project("{FAE04EC0-301F-11D3-BF4B-00C04F79EFBC}") = "IntArrayInit", "IntArrayInit\IntArrayInit.csproj", "{3F0DFD05-97DE-4537-B48D-A418BAA793B4}"
EndProject
Project("{FAE04EC0-301F-11D3-BF4B-00C04F79EFBC}") = "CloneArray", "CloneArray\CloneArray.csproj", "{35C0C24B-C0FE-42F1-B7EC-3A4B717BC40B}"
EndProject
Project("{FAE04EC0-301F-11D3-BF4B-00C04F79EFBC}") = "MaxOfArray", "MaxOfArray\MaxOfArray.csproj", "{363B2804-2F31-45B6-9549-873CAECA75FF}"
EndProject
Project("{FAE04EC0-301F-11D3-BF4B-00C04F79EFBC}") = "MaxOfArrayRand", "MaxOfArrayRand\MaxOfArrayRand.csproj", "{E10EC8D0-75C0-4DFA-824F-5CE3EFA0A9ED}"
EndProject
Project("{FAE04EC0-301F-11D3-BF4B-00C04F79EFBC}") = "ReverseArray", "ReverseArray\ReverseArray.csproj", "{8B9A7271-5146-41A5-B060-5B6F4CFA4F20}"
EndProject
Project("{FAE04EC0-301F-11D3-BF4B-00C04F79EFBC}") = "MaxOfArrayRand2_01", "MaxOfArrayRand2_01\MaxOfArrayRand2_01.csproj", "{5880B66B-6806-491E-8918-0D8616314CE7}"
EndProject
Project("{FAE04EC0-301F-11D3-BF4B-00C04F79EFBC}") = "ReverseArray2_02", "ReverseArray2_02\ReverseArray2_02.csproj", "{950FE24F-7811-47D6-A9E2-2B24965877E6}"
EndProject
Project("{FAE04EC0-301F-11D3-BF4B-00C04F79EFBC}") = "SumOf_03", "SumOf_03\SumOf_03.csproj", "{324AD7C5-6780-40A4-946C-A1F3E30B02AE}"
EndProject
Project("{FAE04EC0-301F-11D3-BF4B-00C04F79EFBC}") = "ArrayEqual", "ArrayEqual\ArrayEqual.csproj", "{A7093618-EBCD-4AB3-994A-EEB92B25A741}"
EndProject
Project("{FAE04EC0-301F-11D3-BF4B-00C04F79EFBC}") = "ShapeArea", "ShapeArea\ShapeArea.csproj", "{9220D6DA-083C-442E-AEF4-FFBEA463B2CC}"
EndProject
Project("{FAE04EC0-301F-11D3-BF4B-00C04F79EFBC}") = "Copy_4", "Copy_4\Copy_4.csproj", "{95C8F5D4-5555-4D3B-8F0A-E0187EB5DE6C}"
EndProject
Project("{FAE04EC0-301F-11D3-BF4B-00C04F79EFBC}") = "RCopy_5", "RCopy\RCopy_5.csproj", "{85D4B881-0182-438D-A7C6-686646C1D091}"
EndProject
Project("{FAE04EC0-301F-11D3-BF4B-00C04F79EFBC}") = "CardConvRev", "CardConvRev\CardConvRev.csproj", "{0B7FD619-A177-4CFC-81DD-A46011F849EF}"
EndProject
Project("{FAE04EC0-301F-11D3-BF4B-00C04F79EFBC}") = "CardConv_06", "CardConv_06\CardConv_06.csproj", "{AE6412D9-A2E8-4FEC-BC07-DFD70DBE3FB6}"
EndProject
Project("{FAE04EC0-301F-11D3-BF4B-00C04F79EFBC}") = "CardConv2_07", "CardConv2_07\CardConv2_07.csproj", "{6603A93D-631A-4089-8C60-C56DC81716FA}"
EndProject
Project("{FAE04EC0-301F-11D3-BF4B-00C04F79EFBC}") = "PrimeNumber1", "PrimeNumber1\PrimeNumber1.csproj", "{2C1B0E3B-C79A-4700-8E63-299003668BEB}"
EndProject
Project("{FAE04EC0-301F-11D3-BF4B-00C04F79EFBC}") = "PrimeNumber2", "PrimeNumber2\PrimeNumber2.csproj", "{EDF89D33-D235-43C9-8816-1F384863A909}"
EndProject
Project("{FAE04EC0-301F-11D3-BF4B-00C04F79EFBC}") = "PrimeNumber3", "PrimeNumber3\PrimeNumber3.csproj", "{C55AA6EB-452E-49CD-B981-9B99DE7112F0}"
EndProject
Project("{FAE04EC0-301F-11D3-BF4B-00C04F79EFBC}") = "Int2DArray", "Int2DArray\Int2DArray.csproj", "{63A98447-85E0-4124-A90E-E1CC6B2F9EF0}"
EndProject
Project("{FAE04EC0-301F-11D3-BF4B-00C04F79EFBC}") = "DayOfYear", "DayOfYear\DayOfYear.csproj", "{6BD22B0D-7448-49C7-BDBD-95A68AE6750E}"
EndProject
Project("{FAE04EC0-301F-11D3-BF4B-00C04F79EFBC}") = "DayOfYear_08", "DayOfYear_08\DayOfYear_08.csproj", "{7639A73A-3B85-453E-9DF9-5106710A8E32}"
EndProject
Project("{FAE04EC0-301F-11D3-BF4B-00C04F79EFBC}") = "LeftDayOfYear_09", "LeftDayOfYear_09\LeftDayOfYear_09.csproj", "{BF6CECF0-6CF1-4579-BCEB-90F2719A3CE6}"
EndProject
Project("{FAE04EC0-301F-11D3-BF4B-00C04F79EFBC}") = "ArraySumforIn", "ArraySumforIn\ArraySumforIn.csproj", "{9B74AC5B-B77F-4CBE-9F1D-EF5F1C5D8EBC}"
EndProject
Project("{FAE04EC0-301F-11D3-BF4B-00C04F79EFBC}") = "PhysicalExamination", "PhysicalExamination\PhysicalExamination.csproj", "{C99CAF8D-1E67-481B-96BA-4DAF699A5B9A}"
EndProject
Global
	GlobalSection(SolutionConfigurationPlatforms) = preSolution
		Debug|Any CPU = Debug|Any CPU
		Release|Any CPU = Release|Any CPU
	EndGlobalSection
	GlobalSection(ProjectConfigurationPlatforms) = postSolution
		{55597879-665E-4DF8-BCEB-99EAFC86276D}.Debug|Any CPU.ActiveCfg = Debug|Any CPU
		{55597879-665E-4DF8-BCEB-99EAFC86276D}.Debug|Any CPU.Build.0 = Debug|Any CPU
		{55597879-665E-4DF8-BCEB-99EAFC86276D}.Release|Any CPU.ActiveCfg = Release|Any CPU
		{55597879-665E-4DF8-BCEB-99EAFC86276D}.Release|Any CPU.Build.0 = Release|Any CPU
		{3F0DFD05-97DE-4537-B48D-A418BAA793B4}.Debug|Any CPU.ActiveCfg = Debug|Any CPU
		{3F0DFD05-97DE-4537-B48D-A418BAA793B4}.Debug|Any CPU.Build.0 = Debug|Any CPU
		{3F0DFD05-97DE-4537-B48D-A418BAA793B4}.Release|Any CPU.ActiveCfg = Release|Any CPU
		{3F0DFD05-97DE-4537-B48D-A418BAA793B4}.Release|Any CPU.Build.0 = Release|Any CPU
		{35C0C24B-C0FE-42F1-B7EC-3A4B717BC40B}.Debug|Any CPU.ActiveCfg = Debug|Any CPU
		{35C0C24B-C0FE-42F1-B7EC-3A4B717BC40B}.Debug|Any CPU.Build.0 = Debug|Any CPU
		{35C0C24B-C0FE-42F1-B7EC-3A4B717BC40B}.Release|Any CPU.ActiveCfg = Release|Any CPU
		{35C0C24B-C0FE-42F1-B7EC-3A4B717BC40B}.Release|Any CPU.Build.0 = Release|Any CPU
		{363B2804-2F31-45B6-9549-873CAECA75FF}.Debug|Any CPU.ActiveCfg = Debug|Any CPU
		{363B2804-2F31-45B6-9549-873CAECA75FF}.Debug|Any CPU.Build.0 = Debug|Any CPU
		{363B2804-2F31-45B6-9549-873CAECA75FF}.Release|Any CPU.ActiveCfg = Release|Any CPU
		{363B2804-2F31-45B6-9549-873CAECA75FF}.Release|Any CPU.Build.0 = Release|Any CPU
		{E10EC8D0-75C0-4DFA-824F-5CE3EFA0A9ED}.Debug|Any CPU.ActiveCfg = Debug|Any CPU
		{E10EC8D0-75C0-4DFA-824F-5CE3EFA0A9ED}.Debug|Any CPU.Build.0 = Debug|Any CPU
		{E10EC8D0-75C0-4DFA-824F-5CE3EFA0A9ED}.Release|Any CPU.ActiveCfg = Release|Any CPU
		{E10EC8D0-75C0-4DFA-824F-5CE3EFA0A9ED}.Release|Any CPU.Build.0 = Release|Any CPU
		{8B9A7271-5146-41A5-B060-5B6F4CFA4F20}.Debug|Any CPU.ActiveCfg = Debug|Any CPU
		{8B9A7271-5146-41A5-B060-5B6F4CFA4F20}.Debug|Any CPU.Build.0 = Debug|Any CPU
		{8B9A7271-5146-41A5-B060-5B6F4CFA4F20}.Release|Any CPU.ActiveCfg = Release|Any CPU
		{8B9A7271-5146-41A5-B060-5B6F4CFA4F20}.Release|Any CPU.Build.0 = Release|Any CPU
		{5880B66B-6806-491E-8918-0D8616314CE7}.Debug|Any CPU.ActiveCfg = Debug|Any CPU
		{5880B66B-6806-491E-8918-0D8616314CE7}.Debug|Any CPU.Build.0 = Debug|Any CPU
		{5880B66B-6806-491E-8918-0D8616314CE7}.Release|Any CPU.ActiveCfg = Release|Any CPU
		{5880B66B-6806-491E-8918-0D8616314CE7}.Release|Any CPU.Build.0 = Release|Any CPU
		{950FE24F-7811-47D6-A9E2-2B24965877E6}.Debug|Any CPU.ActiveCfg = Debug|Any CPU
		{950FE24F-7811-47D6-A9E2-2B24965877E6}.Debug|Any CPU.Build.0 = Debug|Any CPU
		{950FE24F-7811-47D6-A9E2-2B24965877E6}.Release|Any CPU.ActiveCfg = Release|Any CPU
		{950FE24F-7811-47D6-A9E2-2B24965877E6}.Release|Any CPU.Build.0 = Release|Any CPU
		{324AD7C5-6780-40A4-946C-A1F3E30B02AE}.Debug|Any CPU.ActiveCfg = Debug|Any CPU
		{324AD7C5-6780-40A4-946C-A1F3E30B02AE}.Debug|Any CPU.Build.0 = Debug|Any CPU
		{324AD7C5-6780-40A4-946C-A1F3E30B02AE}.Release|Any CPU.ActiveCfg = Release|Any CPU
		{324AD7C5-6780-40A4-946C-A1F3E30B02AE}.Release|Any CPU.Build.0 = Release|Any CPU
		{A7093618-EBCD-4AB3-994A-EEB92B25A741}.Debug|Any CPU.ActiveCfg = Debug|Any CPU
		{A7093618-EBCD-4AB3-994A-EEB92B25A741}.Debug|Any CPU.Build.0 = Debug|Any CPU
		{A7093618-EBCD-4AB3-994A-EEB92B25A741}.Release|Any CPU.ActiveCfg = Release|Any CPU
		{A7093618-EBCD-4AB3-994A-EEB92B25A741}.Release|Any CPU.Build.0 = Release|Any CPU
		{9220D6DA-083C-442E-AEF4-FFBEA463B2CC}.Debug|Any CPU.ActiveCfg = Debug|Any CPU
		{9220D6DA-083C-442E-AEF4-FFBEA463B2CC}.Debug|Any CPU.Build.0 = Debug|Any CPU
		{9220D6DA-083C-442E-AEF4-FFBEA463B2CC}.Release|Any CPU.ActiveCfg = Release|Any CPU
		{9220D6DA-083C-442E-AEF4-FFBEA463B2CC}.Release|Any CPU.Build.0 = Release|Any CPU
		{95C8F5D4-5555-4D3B-8F0A-E0187EB5DE6C}.Debug|Any CPU.ActiveCfg = Debug|Any CPU
		{95C8F5D4-5555-4D3B-8F0A-E0187EB5DE6C}.Debug|Any CPU.Build.0 = Debug|Any CPU
		{95C8F5D4-5555-4D3B-8F0A-E0187EB5DE6C}.Release|Any CPU.ActiveCfg = Release|Any CPU
		{95C8F5D4-5555-4D3B-8F0A-E0187EB5DE6C}.Release|Any CPU.Build.0 = Release|Any CPU
		{85D4B881-0182-438D-A7C6-686646C1D091}.Debug|Any CPU.ActiveCfg = Debug|Any CPU
		{85D4B881-0182-438D-A7C6-686646C1D091}.Debug|Any CPU.Build.0 = Debug|Any CPU
		{85D4B881-0182-438D-A7C6-686646C1D091}.Release|Any CPU.ActiveCfg = Release|Any CPU
		{85D4B881-0182-438D-A7C6-686646C1D091}.Release|Any CPU.Build.0 = Release|Any CPU
		{0B7FD619-A177-4CFC-81DD-A46011F849EF}.Debug|Any CPU.ActiveCfg = Debug|Any CPU
		{0B7FD619-A177-4CFC-81DD-A46011F849EF}.Debug|Any CPU.Build.0 = Debug|Any CPU
		{0B7FD619-A177-4CFC-81DD-A46011F849EF}.Release|Any CPU.ActiveCfg = Release|Any CPU
		{0B7FD619-A177-4CFC-81DD-A46011F849EF}.Release|Any CPU.Build.0 = Release|Any CPU
		{AE6412D9-A2E8-4FEC-BC07-DFD70DBE3FB6}.Debug|Any CPU.ActiveCfg = Debug|Any CPU
		{AE6412D9-A2E8-4FEC-BC07-DFD70DBE3FB6}.Debug|Any CPU.Build.0 = Debug|Any CPU
		{AE6412D9-A2E8-4FEC-BC07-DFD70DBE3FB6}.Release|Any CPU.ActiveCfg = Release|Any CPU
		{AE6412D9-A2E8-4FEC-BC07-DFD70DBE3FB6}.Release|Any CPU.Build.0 = Release|Any CPU
		{6603A93D-631A-4089-8C60-C56DC81716FA}.Debug|Any CPU.ActiveCfg = Debug|Any CPU
		{6603A93D-631A-4089-8C60-C56DC81716FA}.Debug|Any CPU.Build.0 = Debug|Any CPU
		{6603A93D-631A-4089-8C60-C56DC81716FA}.Release|Any CPU.ActiveCfg = Release|Any CPU
		{6603A93D-631A-4089-8C60-C56DC81716FA}.Release|Any CPU.Build.0 = Release|Any CPU
		{2C1B0E3B-C79A-4700-8E63-299003668BEB}.Debug|Any CPU.ActiveCfg = Debug|Any CPU
		{2C1B0E3B-C79A-4700-8E63-299003668BEB}.Debug|Any CPU.Build.0 = Debug|Any CPU
		{2C1B0E3B-C79A-4700-8E63-299003668BEB}.Release|Any CPU.ActiveCfg = Release|Any CPU
		{2C1B0E3B-C79A-4700-8E63-299003668BEB}.Release|Any CPU.Build.0 = Release|Any CPU
		{EDF89D33-D235-43C9-8816-1F384863A909}.Debug|Any CPU.ActiveCfg = Debug|Any CPU
		{EDF89D33-D235-43C9-8816-1F384863A909}.Debug|Any CPU.Build.0 = Debug|Any CPU
		{EDF89D33-D235-43C9-8816-1F384863A909}.Release|Any CPU.ActiveCfg = Release|Any CPU
		{EDF89D33-D235-43C9-8816-1F384863A909}.Release|Any CPU.Build.0 = Release|Any CPU
		{C55AA6EB-452E-49CD-B981-9B99DE7112F0}.Debug|Any CPU.ActiveCfg = Debug|Any CPU
		{C55AA6EB-452E-49CD-B981-9B99DE7112F0}.Debug|Any CPU.Build.0 = Debug|Any CPU
		{C55AA6EB-452E-49CD-B981-9B99DE7112F0}.Release|Any CPU.ActiveCfg = Release|Any CPU
		{C55AA6EB-452E-49CD-B981-9B99DE7112F0}.Release|Any CPU.Build.0 = Release|Any CPU
		{63A98447-85E0-4124-A90E-E1CC6B2F9EF0}.Debug|Any CPU.ActiveCfg = Debug|Any CPU
		{63A98447-85E0-4124-A90E-E1CC6B2F9EF0}.Debug|Any CPU.Build.0 = Debug|Any CPU
		{63A98447-85E0-4124-A90E-E1CC6B2F9EF0}.Release|Any CPU.ActiveCfg = Release|Any CPU
		{63A98447-85E0-4124-A90E-E1CC6B2F9EF0}.Release|Any CPU.Build.0 = Release|Any CPU
		{6BD22B0D-7448-49C7-BDBD-95A68AE6750E}.Debug|Any CPU.ActiveCfg = Debug|Any CPU
		{6BD22B0D-7448-49C7-BDBD-95A68AE6750E}.Debug|Any CPU.Build.0 = Debug|Any CPU
		{6BD22B0D-7448-49C7-BDBD-95A68AE6750E}.Release|Any CPU.ActiveCfg = Release|Any CPU
		{6BD22B0D-7448-49C7-BDBD-95A68AE6750E}.Release|Any CPU.Build.0 = Release|Any CPU
		{7639A73A-3B85-453E-9DF9-5106710A8E32}.Debug|Any CPU.ActiveCfg = Debug|Any CPU
		{7639A73A-3B85-453E-9DF9-5106710A8E32}.Debug|Any CPU.Build.0 = Debug|Any CPU
		{7639A73A-3B85-453E-9DF9-5106710A8E32}.Release|Any CPU.ActiveCfg = Release|Any CPU
		{7639A73A-3B85-453E-9DF9-5106710A8E32}.Release|Any CPU.Build.0 = Release|Any CPU
		{BF6CECF0-6CF1-4579-BCEB-90F2719A3CE6}.Debug|Any CPU.ActiveCfg = Debug|Any CPU
		{BF6CECF0-6CF1-4579-BCEB-90F2719A3CE6}.Debug|Any CPU.Build.0 = Debug|Any CPU
		{BF6CECF0-6CF1-4579-BCEB-90F2719A3CE6}.Release|Any CPU.ActiveCfg = Release|Any CPU
		{BF6CECF0-6CF1-4579-BCEB-90F2719A3CE6}.Release|Any CPU.Build.0 = Release|Any CPU
		{9B74AC5B-B77F-4CBE-9F1D-EF5F1C5D8EBC}.Debug|Any CPU.ActiveCfg = Debug|Any CPU
		{9B74AC5B-B77F-4CBE-9F1D-EF5F1C5D8EBC}.Debug|Any CPU.Build.0 = Debug|Any CPU
		{9B74AC5B-B77F-4CBE-9F1D-EF5F1C5D8EBC}.Release|Any CPU.ActiveCfg = Release|Any CPU
		{9B74AC5B-B77F-4CBE-9F1D-EF5F1C5D8EBC}.Release|Any CPU.Build.0 = Release|Any CPU
		{C99CAF8D-1E67-481B-96BA-4DAF699A5B9A}.Debug|Any CPU.ActiveCfg = Debug|Any CPU
		{C99CAF8D-1E67-481B-96BA-4DAF699A5B9A}.Debug|Any CPU.Build.0 = Debug|Any CPU
		{C99CAF8D-1E67-481B-96BA-4DAF699A5B9A}.Release|Any CPU.ActiveCfg = Release|Any CPU
		{C99CAF8D-1E67-481B-96BA-4DAF699A5B9A}.Release|Any CPU.Build.0 = Release|Any CPU
	EndGlobalSection
	GlobalSection(SolutionProperties) = preSolution
		HideSolutionNode = FALSE
	EndGlobalSection
	GlobalSection(ExtensibilityGlobals) = postSolution
		SolutionGuid = {9204BC47-9ED7-48D3-B575-57208362D24C}
	EndGlobalSection
EndGlobal
