
Microsoft Visual Studio Solution File, Format Version 12.00
# Visual Studio 15
VisualStudioVersion = 15.0.28307.572
MinimumVisualStudioVersion = 10.0.40219.1
Project("{FAE04EC0-301F-11D3-BF4B-00C04F79EFBC}") = "IntSet", "Chapter7\IntSet.csproj", "{4A77BF20-6DF5-4034-BFA4-1A406BE87031}"
EndProject
Project("{FAE04EC0-301F-11D3-BF4B-00C04F79EFBC}") = "ToStringTester", "ToStringTester\ToStringTester.csproj", "{943A4AC8-F9AC-4790-8304-5C956F25857A}"
EndProject
Global
	GlobalSection(SolutionConfigurationPlatforms) = preSolution
		Debug|Any CPU = Debug|Any CPU
		Release|Any CPU = Release|Any CPU
	EndGlobalSection
	GlobalSection(ProjectConfigurationPlatforms) = postSolution
		{4A77BF20-6DF5-4034-BFA4-1A406BE87031}.Debug|Any CPU.ActiveCfg = Debug|Any CPU
		{4A77BF20-6DF5-4034-BFA4-1A406BE87031}.Debug|Any CPU.Build.0 = Debug|Any CPU
		{4A77BF20-6DF5-4034-BFA4-1A406BE87031}.Release|Any CPU.ActiveCfg = Release|Any CPU
		{4A77BF20-6DF5-4034-BFA4-1A406BE87031}.Release|Any CPU.Build.0 = Release|Any CPU
		{943A4AC8-F9AC-4790-8304-5C956F25857A}.Debug|Any CPU.ActiveCfg = Debug|Any CPU
		{943A4AC8-F9AC-4790-8304-5C956F25857A}.Debug|Any CPU.Build.0 = Debug|Any CPU
		{943A4AC8-F9AC-4790-8304-5C956F25857A}.Release|Any CPU.ActiveCfg = Release|Any CPU
		{943A4AC8-F9AC-4790-8304-5C956F25857A}.Release|Any CPU.Build.0 = Release|Any CPU
	EndGlobalSection
	GlobalSection(SolutionProperties) = preSolution
		HideSolutionNode = FALSE
	EndGlobalSection
	GlobalSection(ExtensibilityGlobals) = postSolution
		SolutionGuid = {9A3E86F2-0C60-497C-907B-3BE63198E15D}
	EndGlobalSection
EndGlobal
