
Microsoft Visual Studio Solution File, Format Version 12.00
# Visual Studio 15
VisualStudioVersion = 15.0.28307.572
MinimumVisualStudioVersion = 10.0.40219.1
Project("{FAE04EC0-301F-11D3-BF4B-00C04F79EFBC}") = "BubbleSort", "Chapter6\BubbleSort.csproj", "{10200F8B-2765-4933-9CA9-03845711E2CA}"
EndProject
Project("{FAE04EC0-301F-11D3-BF4B-00C04F79EFBC}") = "BubbleSort2_1", "BubbleSort2_1\BubbleSort2_1.csproj", "{4A209A17-7013-4393-8187-D5503A587667}"
EndProject
Project("{FAE04EC0-301F-11D3-BF4B-00C04F79EFBC}") = "BubblSort3_2", "BubblSort3_2\BubblSort3_2.csproj", "{EB39EE51-2FC7-42A2-9F2A-DDF5BE0080FE}"
EndProject
Project("{FAE04EC0-301F-11D3-BF4B-00C04F79EFBC}") = "BubbleSort2", "BubbleSort2\BubbleSort2.csproj", "{0F4B6AD9-6275-480D-985E-DE9A27520E24}"
EndProject
Project("{FAE04EC0-301F-11D3-BF4B-00C04F79EFBC}") = "BubbleSort4_3", "BubbleSort4_3\BubbleSort4_3.csproj", "{AFD5B2FE-5534-4237-8835-E4A9CEBBACDA}"
EndProject
Project("{FAE04EC0-301F-11D3-BF4B-00C04F79EFBC}") = "BubbleSort3", "BubbleSort3\BubbleSort3.csproj", "{0797F2CB-DB9A-46DC-ACD8-078321C433A2}"
EndProject
Project("{FAE04EC0-301F-11D3-BF4B-00C04F79EFBC}") = "BubbleSort5_4", "BubbleSort5_4\BubbleSort5_4.csproj", "{398FF10B-C1C0-4923-90FA-28AC9B724B04}"
EndProject
Project("{FAE04EC0-301F-11D3-BF4B-00C04F79EFBC}") = "BubbleSort6_5", "BubbleSort6_5\BubbleSort6_5.csproj", "{2E8E4B0A-A559-4A0A-AAA5-79EF6DA83C2A}"
EndProject
Project("{FAE04EC0-301F-11D3-BF4B-00C04F79EFBC}") = "SelectionSort", "SelectionSort\SelectionSort.csproj", "{A1AEB890-7084-470B-A526-B7F45B870E97}"
EndProject
Project("{FAE04EC0-301F-11D3-BF4B-00C04F79EFBC}") = "InsertionSort", "InsertionSort\InsertionSort.csproj", "{5E4A092D-64D6-422E-810E-5A64263F7E13}"
EndProject
Project("{FAE04EC0-301F-11D3-BF4B-00C04F79EFBC}") = "SelectionSortEx_6", "SelectionSortEx_6\SelectionSortEx_6.csproj", "{E66E58DE-0115-45E8-B359-55EBBFFA5807}"
EndProject
Project("{FAE04EC0-301F-11D3-BF4B-00C04F79EFBC}") = "InsertionSortEx_7", "InsertionSortEx_7\InsertionSortEx_7.csproj", "{A592A94E-A31E-4BAC-A3BA-282AF3CBAC43}"
EndProject
Project("{FAE04EC0-301F-11D3-BF4B-00C04F79EFBC}") = "BininsertionSort_8", "BininsertionSort_8\BininsertionSort_8.csproj", "{2438988A-E090-4240-AA55-E5BA009E42DC}"
EndProject
Project("{FAE04EC0-301F-11D3-BF4B-00C04F79EFBC}") = "BubbleSortEx", "BubbleSortEx\BubbleSortEx.csproj", "{B241099A-D841-4FDE-AE39-ED80111DDDBA}"
EndProject
Project("{FAE04EC0-301F-11D3-BF4B-00C04F79EFBC}") = "SelectionSortEx", "SelectionSortEx\SelectionSortEx.csproj", "{EC28C077-AFB4-4DDB-BF7D-90FAF2BAD057}"
EndProject
Project("{FAE04EC0-301F-11D3-BF4B-00C04F79EFBC}") = "InsertionSortEx", "InsertionSortEx\InsertionSortEx.csproj", "{57D0684E-B14D-4E33-92E8-9C0B3CB5256D}"
EndProject
Project("{FAE04EC0-301F-11D3-BF4B-00C04F79EFBC}") = "ShellSort", "ShellSort\ShellSort.csproj", "{555D29BB-5433-432F-9444-773E8E78C48A}"
EndProject
Project("{FAE04EC0-301F-11D3-BF4B-00C04F79EFBC}") = "ShellSort2", "ShellSort2\ShellSort2.csproj", "{7FD1C7E2-DE03-4C38-ABC6-BED07FE5DDCA}"
EndProject
Project("{FAE04EC0-301F-11D3-BF4B-00C04F79EFBC}") = "ShellSortEx_9-1", "ShellSortEx_9-1\ShellSortEx_9-1.csproj", "{DA712C1C-D832-4C43-B1A3-0D4F62C7FDEF}"
EndProject
Project("{FAE04EC0-301F-11D3-BF4B-00C04F79EFBC}") = "ShellSrot2Ex_9-2", "ShellSrot2Ex_9-2\ShellSrot2Ex_9-2.csproj", "{484455D9-01A4-4A85-AC3F-912BD373B594}"
EndProject
Project("{FAE04EC0-301F-11D3-BF4B-00C04F79EFBC}") = "Partition", "Partition\Partition.csproj", "{2134F132-B042-4357-8E35-E79B1F8D9171}"
EndProject
Project("{FAE04EC0-301F-11D3-BF4B-00C04F79EFBC}") = "QuickSort", "QuickSort\QuickSort.csproj", "{D0081D08-5B83-4CB8-9E09-AD0031577AAF}"
EndProject
Project("{FAE04EC0-301F-11D3-BF4B-00C04F79EFBC}") = "QuickSortEx_10", "QuickSortEx_1-\QuickSortEx_10.csproj", "{726012B5-066D-4CA4-8565-076209FF852F}"
EndProject
Project("{FAE04EC0-301F-11D3-BF4B-00C04F79EFBC}") = "QuickSort1", "QuickSort1\QuickSort1.csproj", "{E887050A-8006-46EB-AD32-C5791499043A}"
EndProject
Project("{FAE04EC0-301F-11D3-BF4B-00C04F79EFBC}") = "QuickSort2", "QuickSort2\QuickSort2.csproj", "{9277A196-11C1-4665-BAAB-746B1A496503}"
EndProject
Global
	GlobalSection(SolutionConfigurationPlatforms) = preSolution
		Debug|Any CPU = Debug|Any CPU
		Release|Any CPU = Release|Any CPU
	EndGlobalSection
	GlobalSection(ProjectConfigurationPlatforms) = postSolution
		{10200F8B-2765-4933-9CA9-03845711E2CA}.Debug|Any CPU.ActiveCfg = Debug|Any CPU
		{10200F8B-2765-4933-9CA9-03845711E2CA}.Debug|Any CPU.Build.0 = Debug|Any CPU
		{10200F8B-2765-4933-9CA9-03845711E2CA}.Release|Any CPU.ActiveCfg = Release|Any CPU
		{10200F8B-2765-4933-9CA9-03845711E2CA}.Release|Any CPU.Build.0 = Release|Any CPU
		{4A209A17-7013-4393-8187-D5503A587667}.Debug|Any CPU.ActiveCfg = Debug|Any CPU
		{4A209A17-7013-4393-8187-D5503A587667}.Debug|Any CPU.Build.0 = Debug|Any CPU
		{4A209A17-7013-4393-8187-D5503A587667}.Release|Any CPU.ActiveCfg = Release|Any CPU
		{4A209A17-7013-4393-8187-D5503A587667}.Release|Any CPU.Build.0 = Release|Any CPU
		{EB39EE51-2FC7-42A2-9F2A-DDF5BE0080FE}.Debug|Any CPU.ActiveCfg = Debug|Any CPU
		{EB39EE51-2FC7-42A2-9F2A-DDF5BE0080FE}.Debug|Any CPU.Build.0 = Debug|Any CPU
		{EB39EE51-2FC7-42A2-9F2A-DDF5BE0080FE}.Release|Any CPU.ActiveCfg = Release|Any CPU
		{EB39EE51-2FC7-42A2-9F2A-DDF5BE0080FE}.Release|Any CPU.Build.0 = Release|Any CPU
		{0F4B6AD9-6275-480D-985E-DE9A27520E24}.Debug|Any CPU.ActiveCfg = Debug|Any CPU
		{0F4B6AD9-6275-480D-985E-DE9A27520E24}.Debug|Any CPU.Build.0 = Debug|Any CPU
		{0F4B6AD9-6275-480D-985E-DE9A27520E24}.Release|Any CPU.ActiveCfg = Release|Any CPU
		{0F4B6AD9-6275-480D-985E-DE9A27520E24}.Release|Any CPU.Build.0 = Release|Any CPU
		{AFD5B2FE-5534-4237-8835-E4A9CEBBACDA}.Debug|Any CPU.ActiveCfg = Debug|Any CPU
		{AFD5B2FE-5534-4237-8835-E4A9CEBBACDA}.Debug|Any CPU.Build.0 = Debug|Any CPU
		{AFD5B2FE-5534-4237-8835-E4A9CEBBACDA}.Release|Any CPU.ActiveCfg = Release|Any CPU
		{AFD5B2FE-5534-4237-8835-E4A9CEBBACDA}.Release|Any CPU.Build.0 = Release|Any CPU
		{0797F2CB-DB9A-46DC-ACD8-078321C433A2}.Debug|Any CPU.ActiveCfg = Debug|Any CPU
		{0797F2CB-DB9A-46DC-ACD8-078321C433A2}.Debug|Any CPU.Build.0 = Debug|Any CPU
		{0797F2CB-DB9A-46DC-ACD8-078321C433A2}.Release|Any CPU.ActiveCfg = Release|Any CPU
		{0797F2CB-DB9A-46DC-ACD8-078321C433A2}.Release|Any CPU.Build.0 = Release|Any CPU
		{398FF10B-C1C0-4923-90FA-28AC9B724B04}.Debug|Any CPU.ActiveCfg = Debug|Any CPU
		{398FF10B-C1C0-4923-90FA-28AC9B724B04}.Debug|Any CPU.Build.0 = Debug|Any CPU
		{398FF10B-C1C0-4923-90FA-28AC9B724B04}.Release|Any CPU.ActiveCfg = Release|Any CPU
		{398FF10B-C1C0-4923-90FA-28AC9B724B04}.Release|Any CPU.Build.0 = Release|Any CPU
		{2E8E4B0A-A559-4A0A-AAA5-79EF6DA83C2A}.Debug|Any CPU.ActiveCfg = Debug|Any CPU
		{2E8E4B0A-A559-4A0A-AAA5-79EF6DA83C2A}.Debug|Any CPU.Build.0 = Debug|Any CPU
		{2E8E4B0A-A559-4A0A-AAA5-79EF6DA83C2A}.Release|Any CPU.ActiveCfg = Release|Any CPU
		{2E8E4B0A-A559-4A0A-AAA5-79EF6DA83C2A}.Release|Any CPU.Build.0 = Release|Any CPU
		{A1AEB890-7084-470B-A526-B7F45B870E97}.Debug|Any CPU.ActiveCfg = Debug|Any CPU
		{A1AEB890-7084-470B-A526-B7F45B870E97}.Debug|Any CPU.Build.0 = Debug|Any CPU
		{A1AEB890-7084-470B-A526-B7F45B870E97}.Release|Any CPU.ActiveCfg = Release|Any CPU
		{A1AEB890-7084-470B-A526-B7F45B870E97}.Release|Any CPU.Build.0 = Release|Any CPU
		{5E4A092D-64D6-422E-810E-5A64263F7E13}.Debug|Any CPU.ActiveCfg = Debug|Any CPU
		{5E4A092D-64D6-422E-810E-5A64263F7E13}.Debug|Any CPU.Build.0 = Debug|Any CPU
		{5E4A092D-64D6-422E-810E-5A64263F7E13}.Release|Any CPU.ActiveCfg = Release|Any CPU
		{5E4A092D-64D6-422E-810E-5A64263F7E13}.Release|Any CPU.Build.0 = Release|Any CPU
		{E66E58DE-0115-45E8-B359-55EBBFFA5807}.Debug|Any CPU.ActiveCfg = Debug|Any CPU
		{E66E58DE-0115-45E8-B359-55EBBFFA5807}.Debug|Any CPU.Build.0 = Debug|Any CPU
		{E66E58DE-0115-45E8-B359-55EBBFFA5807}.Release|Any CPU.ActiveCfg = Release|Any CPU
		{E66E58DE-0115-45E8-B359-55EBBFFA5807}.Release|Any CPU.Build.0 = Release|Any CPU
		{A592A94E-A31E-4BAC-A3BA-282AF3CBAC43}.Debug|Any CPU.ActiveCfg = Debug|Any CPU
		{A592A94E-A31E-4BAC-A3BA-282AF3CBAC43}.Debug|Any CPU.Build.0 = Debug|Any CPU
		{A592A94E-A31E-4BAC-A3BA-282AF3CBAC43}.Release|Any CPU.ActiveCfg = Release|Any CPU
		{A592A94E-A31E-4BAC-A3BA-282AF3CBAC43}.Release|Any CPU.Build.0 = Release|Any CPU
		{2438988A-E090-4240-AA55-E5BA009E42DC}.Debug|Any CPU.ActiveCfg = Debug|Any CPU
		{2438988A-E090-4240-AA55-E5BA009E42DC}.Debug|Any CPU.Build.0 = Debug|Any CPU
		{2438988A-E090-4240-AA55-E5BA009E42DC}.Release|Any CPU.ActiveCfg = Release|Any CPU
		{2438988A-E090-4240-AA55-E5BA009E42DC}.Release|Any CPU.Build.0 = Release|Any CPU
		{B241099A-D841-4FDE-AE39-ED80111DDDBA}.Debug|Any CPU.ActiveCfg = Debug|Any CPU
		{B241099A-D841-4FDE-AE39-ED80111DDDBA}.Debug|Any CPU.Build.0 = Debug|Any CPU
		{B241099A-D841-4FDE-AE39-ED80111DDDBA}.Release|Any CPU.ActiveCfg = Release|Any CPU
		{B241099A-D841-4FDE-AE39-ED80111DDDBA}.Release|Any CPU.Build.0 = Release|Any CPU
		{EC28C077-AFB4-4DDB-BF7D-90FAF2BAD057}.Debug|Any CPU.ActiveCfg = Debug|Any CPU
		{EC28C077-AFB4-4DDB-BF7D-90FAF2BAD057}.Debug|Any CPU.Build.0 = Debug|Any CPU
		{EC28C077-AFB4-4DDB-BF7D-90FAF2BAD057}.Release|Any CPU.ActiveCfg = Release|Any CPU
		{EC28C077-AFB4-4DDB-BF7D-90FAF2BAD057}.Release|Any CPU.Build.0 = Release|Any CPU
		{57D0684E-B14D-4E33-92E8-9C0B3CB5256D}.Debug|Any CPU.ActiveCfg = Debug|Any CPU
		{57D0684E-B14D-4E33-92E8-9C0B3CB5256D}.Debug|Any CPU.Build.0 = Debug|Any CPU
		{57D0684E-B14D-4E33-92E8-9C0B3CB5256D}.Release|Any CPU.ActiveCfg = Release|Any CPU
		{57D0684E-B14D-4E33-92E8-9C0B3CB5256D}.Release|Any CPU.Build.0 = Release|Any CPU
		{555D29BB-5433-432F-9444-773E8E78C48A}.Debug|Any CPU.ActiveCfg = Debug|Any CPU
		{555D29BB-5433-432F-9444-773E8E78C48A}.Debug|Any CPU.Build.0 = Debug|Any CPU
		{555D29BB-5433-432F-9444-773E8E78C48A}.Release|Any CPU.ActiveCfg = Release|Any CPU
		{555D29BB-5433-432F-9444-773E8E78C48A}.Release|Any CPU.Build.0 = Release|Any CPU
		{7FD1C7E2-DE03-4C38-ABC6-BED07FE5DDCA}.Debug|Any CPU.ActiveCfg = Debug|Any CPU
		{7FD1C7E2-DE03-4C38-ABC6-BED07FE5DDCA}.Debug|Any CPU.Build.0 = Debug|Any CPU
		{7FD1C7E2-DE03-4C38-ABC6-BED07FE5DDCA}.Release|Any CPU.ActiveCfg = Release|Any CPU
		{7FD1C7E2-DE03-4C38-ABC6-BED07FE5DDCA}.Release|Any CPU.Build.0 = Release|Any CPU
		{DA712C1C-D832-4C43-B1A3-0D4F62C7FDEF}.Debug|Any CPU.ActiveCfg = Debug|Any CPU
		{DA712C1C-D832-4C43-B1A3-0D4F62C7FDEF}.Debug|Any CPU.Build.0 = Debug|Any CPU
		{DA712C1C-D832-4C43-B1A3-0D4F62C7FDEF}.Release|Any CPU.ActiveCfg = Release|Any CPU
		{DA712C1C-D832-4C43-B1A3-0D4F62C7FDEF}.Release|Any CPU.Build.0 = Release|Any CPU
		{484455D9-01A4-4A85-AC3F-912BD373B594}.Debug|Any CPU.ActiveCfg = Debug|Any CPU
		{484455D9-01A4-4A85-AC3F-912BD373B594}.Debug|Any CPU.Build.0 = Debug|Any CPU
		{484455D9-01A4-4A85-AC3F-912BD373B594}.Release|Any CPU.ActiveCfg = Release|Any CPU
		{484455D9-01A4-4A85-AC3F-912BD373B594}.Release|Any CPU.Build.0 = Release|Any CPU
		{2134F132-B042-4357-8E35-E79B1F8D9171}.Debug|Any CPU.ActiveCfg = Debug|Any CPU
		{2134F132-B042-4357-8E35-E79B1F8D9171}.Debug|Any CPU.Build.0 = Debug|Any CPU
		{2134F132-B042-4357-8E35-E79B1F8D9171}.Release|Any CPU.ActiveCfg = Release|Any CPU
		{2134F132-B042-4357-8E35-E79B1F8D9171}.Release|Any CPU.Build.0 = Release|Any CPU
		{D0081D08-5B83-4CB8-9E09-AD0031577AAF}.Debug|Any CPU.ActiveCfg = Debug|Any CPU
		{D0081D08-5B83-4CB8-9E09-AD0031577AAF}.Debug|Any CPU.Build.0 = Debug|Any CPU
		{D0081D08-5B83-4CB8-9E09-AD0031577AAF}.Release|Any CPU.ActiveCfg = Release|Any CPU
		{D0081D08-5B83-4CB8-9E09-AD0031577AAF}.Release|Any CPU.Build.0 = Release|Any CPU
		{726012B5-066D-4CA4-8565-076209FF852F}.Debug|Any CPU.ActiveCfg = Debug|Any CPU
		{726012B5-066D-4CA4-8565-076209FF852F}.Debug|Any CPU.Build.0 = Debug|Any CPU
		{726012B5-066D-4CA4-8565-076209FF852F}.Release|Any CPU.ActiveCfg = Release|Any CPU
		{726012B5-066D-4CA4-8565-076209FF852F}.Release|Any CPU.Build.0 = Release|Any CPU
		{E887050A-8006-46EB-AD32-C5791499043A}.Debug|Any CPU.ActiveCfg = Debug|Any CPU
		{E887050A-8006-46EB-AD32-C5791499043A}.Debug|Any CPU.Build.0 = Debug|Any CPU
		{E887050A-8006-46EB-AD32-C5791499043A}.Release|Any CPU.ActiveCfg = Release|Any CPU
		{E887050A-8006-46EB-AD32-C5791499043A}.Release|Any CPU.Build.0 = Release|Any CPU
		{9277A196-11C1-4665-BAAB-746B1A496503}.Debug|Any CPU.ActiveCfg = Debug|Any CPU
		{9277A196-11C1-4665-BAAB-746B1A496503}.Debug|Any CPU.Build.0 = Debug|Any CPU
		{9277A196-11C1-4665-BAAB-746B1A496503}.Release|Any CPU.ActiveCfg = Release|Any CPU
		{9277A196-11C1-4665-BAAB-746B1A496503}.Release|Any CPU.Build.0 = Release|Any CPU
	EndGlobalSection
	GlobalSection(SolutionProperties) = preSolution
		HideSolutionNode = FALSE
	EndGlobalSection
	GlobalSection(ExtensibilityGlobals) = postSolution
		SolutionGuid = {1361D58A-9C99-4737-A992-D64D8365AD2B}
	EndGlobalSection
EndGlobal
