
Microsoft Visual Studio Solution File, Format Version 12.00
# Visual Studio 15
VisualStudioVersion = 15.0.28307.572
MinimumVisualStudioVersion = 10.0.40219.1
Project("{FAE04EC0-301F-11D3-BF4B-00C04F79EFBC}") = "BFmatch", "Chapter8\BFmatch.csproj", "{48E2503A-462B-4F52-A4CB-7CB0AB8F3A1C}"
EndProject
Project("{FAE04EC0-301F-11D3-BF4B-00C04F79EFBC}") = "BFmatich_1", "BFmatich_1\BFmatich_1.csproj", "{B1858382-ADFB-4B64-9BD1-2A3069576C79}"
EndProject
Project("{FAE04EC0-301F-11D3-BF4B-00C04F79EFBC}") = "BFmatchLast_2", "BFmatchLast_2\BFmatchLast_2.csproj", "{52126B7F-08A7-4179-AA15-7A95164291F2}"
EndProject
Project("{FAE04EC0-301F-11D3-BF4B-00C04F79EFBC}") = "IndexOfTester", "IndexOfTester\IndexOfTester.csproj", "{6AAABF74-B9F8-4669-BAB8-99E26922A2B4}"
EndProject
Project("{FAE04EC0-301F-11D3-BF4B-00C04F79EFBC}") = "KMPmatch", "KMPmatch\KMPmatch.csproj", "{13A67271-BB2C-45A3-8821-A16050E16E22}"
EndProject
Project("{FAE04EC0-301F-11D3-BF4B-00C04F79EFBC}") = "KMPmatch_3", "KMPmatch_3\KMPmatch_3.csproj", "{65E8BC57-0870-452D-B482-6843C800298F}"
EndProject
Global
	GlobalSection(SolutionConfigurationPlatforms) = preSolution
		Debug|Any CPU = Debug|Any CPU
		Release|Any CPU = Release|Any CPU
	EndGlobalSection
	GlobalSection(ProjectConfigurationPlatforms) = postSolution
		{48E2503A-462B-4F52-A4CB-7CB0AB8F3A1C}.Debug|Any CPU.ActiveCfg = Debug|Any CPU
		{48E2503A-462B-4F52-A4CB-7CB0AB8F3A1C}.Debug|Any CPU.Build.0 = Debug|Any CPU
		{48E2503A-462B-4F52-A4CB-7CB0AB8F3A1C}.Release|Any CPU.ActiveCfg = Release|Any CPU
		{48E2503A-462B-4F52-A4CB-7CB0AB8F3A1C}.Release|Any CPU.Build.0 = Release|Any CPU
		{B1858382-ADFB-4B64-9BD1-2A3069576C79}.Debug|Any CPU.ActiveCfg = Debug|Any CPU
		{B1858382-ADFB-4B64-9BD1-2A3069576C79}.Debug|Any CPU.Build.0 = Debug|Any CPU
		{B1858382-ADFB-4B64-9BD1-2A3069576C79}.Release|Any CPU.ActiveCfg = Release|Any CPU
		{B1858382-ADFB-4B64-9BD1-2A3069576C79}.Release|Any CPU.Build.0 = Release|Any CPU
		{52126B7F-08A7-4179-AA15-7A95164291F2}.Debug|Any CPU.ActiveCfg = Debug|Any CPU
		{52126B7F-08A7-4179-AA15-7A95164291F2}.Debug|Any CPU.Build.0 = Debug|Any CPU
		{52126B7F-08A7-4179-AA15-7A95164291F2}.Release|Any CPU.ActiveCfg = Release|Any CPU
		{52126B7F-08A7-4179-AA15-7A95164291F2}.Release|Any CPU.Build.0 = Release|Any CPU
		{6AAABF74-B9F8-4669-BAB8-99E26922A2B4}.Debug|Any CPU.ActiveCfg = Debug|Any CPU
		{6AAABF74-B9F8-4669-BAB8-99E26922A2B4}.Debug|Any CPU.Build.0 = Debug|Any CPU
		{6AAABF74-B9F8-4669-BAB8-99E26922A2B4}.Release|Any CPU.ActiveCfg = Release|Any CPU
		{6AAABF74-B9F8-4669-BAB8-99E26922A2B4}.Release|Any CPU.Build.0 = Release|Any CPU
		{13A67271-BB2C-45A3-8821-A16050E16E22}.Debug|Any CPU.ActiveCfg = Debug|Any CPU
		{13A67271-BB2C-45A3-8821-A16050E16E22}.Debug|Any CPU.Build.0 = Debug|Any CPU
		{13A67271-BB2C-45A3-8821-A16050E16E22}.Release|Any CPU.ActiveCfg = Release|Any CPU
		{13A67271-BB2C-45A3-8821-A16050E16E22}.Release|Any CPU.Build.0 = Release|Any CPU
		{65E8BC57-0870-452D-B482-6843C800298F}.Debug|Any CPU.ActiveCfg = Debug|Any CPU
		{65E8BC57-0870-452D-B482-6843C800298F}.Debug|Any CPU.Build.0 = Debug|Any CPU
		{65E8BC57-0870-452D-B482-6843C800298F}.Release|Any CPU.ActiveCfg = Release|Any CPU
		{65E8BC57-0870-452D-B482-6843C800298F}.Release|Any CPU.Build.0 = Release|Any CPU
	EndGlobalSection
	GlobalSection(SolutionProperties) = preSolution
		HideSolutionNode = FALSE
	EndGlobalSection
	GlobalSection(ExtensibilityGlobals) = postSolution
		SolutionGuid = {83EB0FDE-3C45-415C-B2D5-68965134863B}
	EndGlobalSection
EndGlobal
