
Microsoft Visual Studio Solution File, Format Version 12.00
# Visual Studio 15
VisualStudioVersion = 15.0.28307.572
MinimumVisualStudioVersion = 10.0.40219.1
Project("{FAE04EC0-301F-11D3-BF4B-00C04F79EFBC}") = "ConsoleApp1", "ConsoleApp1\ConsoleApp1.csproj", "{12648F5E-EBDE-44C7-BDE7-5B168F1EC936}"
EndProject
Project("{FAE04EC0-301F-11D3-BF4B-00C04F79EFBC}") = "Max3", "Max3\Max3.csproj", "{E62BD901-26EF-4110-BFE7-28ECC72C5E00}"
EndProject
Project("{FAE04EC0-301F-11D3-BF4B-00C04F79EFBC}") = "Max3m", "Max3m\Max3m.csproj", "{69B82568-876B-4FD8-A280-3B9A2AC071CB}"
EndProject
Project("{FAE04EC0-301F-11D3-BF4B-00C04F79EFBC}") = "Max4", "Max4\Max4.csproj", "{410EAADF-3767-4FA5-B30F-7E0CFC461819}"
EndProject
Project("{FAE04EC0-301F-11D3-BF4B-00C04F79EFBC}") = "Min3", "Min3\Min3.csproj", "{4A8DCBD0-F7F6-4613-8133-9A17D4E8625C}"
EndProject
Project("{FAE04EC0-301F-11D3-BF4B-00C04F79EFBC}") = "Min4", "Min4\Min4.csproj", "{44B65A19-A286-4EED-AEA3-1ABEB872DC46}"
EndProject
Project("{FAE04EC0-301F-11D3-BF4B-00C04F79EFBC}") = "Median", "Median\Median.csproj", "{9E8FCCC7-874A-4927-BBF3-D02D669EC258}"
EndProject
Project("{FAE04EC0-301F-11D3-BF4B-00C04F79EFBC}") = "Med3m", "Med3m\Med3m.csproj", "{3C195F0D-78BE-4E0B-A12A-E1AB3A7EB50E}"
EndProject
Project("{FAE04EC0-301F-11D3-BF4B-00C04F79EFBC}") = "JudgeSign", "JudgeSign\JudgeSign.csproj", "{1E8BBBF0-C469-48A0-8566-74003A24B771}"
EndProject
Project("{FAE04EC0-301F-11D3-BF4B-00C04F79EFBC}") = "SumWhile", "SumWhile\SumWhile.csproj", "{77B78BB8-A75A-4F5C-8497-4627F25D7762}"
EndProject
Project("{FAE04EC0-301F-11D3-BF4B-00C04F79EFBC}") = "SumFor", "SumFor\SumFor.csproj", "{D2F63F5B-D1A4-41BC-BF6B-24645FEB582E}"
EndProject
Project("{FAE04EC0-301F-11D3-BF4B-00C04F79EFBC}") = "SumFor2", "SumFor2\SumFor2.csproj", "{551600E4-2B5C-42C2-8D2B-95C5D7E4FC85}"
EndProject
Project("{FAE04EC0-301F-11D3-BF4B-00C04F79EFBC}") = "SumGauss", "SumGauss\SumGauss.csproj", "{786E352F-376E-4DE1-8D5B-9658643D927B}"
EndProject
Project("{FAE04EC0-301F-11D3-BF4B-00C04F79EFBC}") = "SumOf", "SumOf\SumOf.csproj", "{EB01E5A3-D521-4B76-859B-BDE4F8AC2CF0}"
EndProject
Project("{FAE04EC0-301F-11D3-BF4B-00C04F79EFBC}") = "SumForPos", "SumForPos\SumForPos.csproj", "{4E3A646C-84A4-469A-B515-F74785B30EE7}"
EndProject
Project("{FAE04EC0-301F-11D3-BF4B-00C04F79EFBC}") = "SumWhile2", "SumWhile2\SumWhile2.csproj", "{E89D8373-49F2-4A89-867E-46480E91D4E7}"
EndProject
Project("{FAE04EC0-301F-11D3-BF4B-00C04F79EFBC}") = "DigitsNo", "DigitsNo\DigitsNo.csproj", "{FEA082FE-AEAE-417E-B83E-8762F55E99DA}"
EndProject
Project("{FAE04EC0-301F-11D3-BF4B-00C04F79EFBC}") = "Digits", "Digits\Digits.csproj", "{EB529A0E-52B2-4118-AF8B-412BA0CDCD2B}"
EndProject
Project("{FAE04EC0-301F-11D3-BF4B-00C04F79EFBC}") = "Multi99Table", "Multi99Table\Multi99Table.csproj", "{DA627A53-0495-4835-AD68-86ECC1597131}"
EndProject
Project("{FAE04EC0-301F-11D3-BF4B-00C04F79EFBC}") = "Multi99Table2", "Multi99Table2\Multi99Table2.csproj", "{6C6B3460-DA2F-4522-ACA8-9E00C3357810}"
EndProject
Project("{FAE04EC0-301F-11D3-BF4B-00C04F79EFBC}") = "Add99Table", "Add99Table\Add99Table.csproj", "{3317CB26-0057-40A9-A879-09600F859EAE}"
EndProject
Project("{FAE04EC0-301F-11D3-BF4B-00C04F79EFBC}") = "Square", "Square\Square.csproj", "{757A7BE7-19A6-4AA5-B99C-2A776EA74B57}"
EndProject
Project("{FAE04EC0-301F-11D3-BF4B-00C04F79EFBC}") = "TriangleLB", "TriangleLB\TriangleLB.csproj", "{728E8B65-F1AA-4B45-A465-9EF878350C89}"
EndProject
Project("{FAE04EC0-301F-11D3-BF4B-00C04F79EFBC}") = "TriangleLB2", "TriangleLB2\TriangleLB2.csproj", "{D88FE0DA-91C4-484B-B572-4E81211FF2AB}"
EndProject
Project("{FAE04EC0-301F-11D3-BF4B-00C04F79EFBC}") = "Starpira", "Starpira\Starpira.csproj", "{771C0396-B4C7-4E63-B03F-847794FCF17E}"
EndProject
Project("{FAE04EC0-301F-11D3-BF4B-00C04F79EFBC}") = "NPira", "NPira\NPira.csproj", "{C6949BAD-1F94-4D3E-897F-09FD32CCB2E7}"
EndProject
Global
	GlobalSection(SolutionConfigurationPlatforms) = preSolution
		Debug|Any CPU = Debug|Any CPU
		Release|Any CPU = Release|Any CPU
	EndGlobalSection
	GlobalSection(ProjectConfigurationPlatforms) = postSolution
		{12648F5E-EBDE-44C7-BDE7-5B168F1EC936}.Debug|Any CPU.ActiveCfg = Debug|Any CPU
		{12648F5E-EBDE-44C7-BDE7-5B168F1EC936}.Debug|Any CPU.Build.0 = Debug|Any CPU
		{12648F5E-EBDE-44C7-BDE7-5B168F1EC936}.Release|Any CPU.ActiveCfg = Release|Any CPU
		{12648F5E-EBDE-44C7-BDE7-5B168F1EC936}.Release|Any CPU.Build.0 = Release|Any CPU
		{E62BD901-26EF-4110-BFE7-28ECC72C5E00}.Debug|Any CPU.ActiveCfg = Debug|Any CPU
		{E62BD901-26EF-4110-BFE7-28ECC72C5E00}.Debug|Any CPU.Build.0 = Debug|Any CPU
		{E62BD901-26EF-4110-BFE7-28ECC72C5E00}.Release|Any CPU.ActiveCfg = Release|Any CPU
		{E62BD901-26EF-4110-BFE7-28ECC72C5E00}.Release|Any CPU.Build.0 = Release|Any CPU
		{69B82568-876B-4FD8-A280-3B9A2AC071CB}.Debug|Any CPU.ActiveCfg = Debug|Any CPU
		{69B82568-876B-4FD8-A280-3B9A2AC071CB}.Debug|Any CPU.Build.0 = Debug|Any CPU
		{69B82568-876B-4FD8-A280-3B9A2AC071CB}.Release|Any CPU.ActiveCfg = Release|Any CPU
		{69B82568-876B-4FD8-A280-3B9A2AC071CB}.Release|Any CPU.Build.0 = Release|Any CPU
		{410EAADF-3767-4FA5-B30F-7E0CFC461819}.Debug|Any CPU.ActiveCfg = Debug|Any CPU
		{410EAADF-3767-4FA5-B30F-7E0CFC461819}.Debug|Any CPU.Build.0 = Debug|Any CPU
		{410EAADF-3767-4FA5-B30F-7E0CFC461819}.Release|Any CPU.ActiveCfg = Release|Any CPU
		{410EAADF-3767-4FA5-B30F-7E0CFC461819}.Release|Any CPU.Build.0 = Release|Any CPU
		{4A8DCBD0-F7F6-4613-8133-9A17D4E8625C}.Debug|Any CPU.ActiveCfg = Debug|Any CPU
		{4A8DCBD0-F7F6-4613-8133-9A17D4E8625C}.Debug|Any CPU.Build.0 = Debug|Any CPU
		{4A8DCBD0-F7F6-4613-8133-9A17D4E8625C}.Release|Any CPU.ActiveCfg = Release|Any CPU
		{4A8DCBD0-F7F6-4613-8133-9A17D4E8625C}.Release|Any CPU.Build.0 = Release|Any CPU
		{44B65A19-A286-4EED-AEA3-1ABEB872DC46}.Debug|Any CPU.ActiveCfg = Debug|Any CPU
		{44B65A19-A286-4EED-AEA3-1ABEB872DC46}.Debug|Any CPU.Build.0 = Debug|Any CPU
		{44B65A19-A286-4EED-AEA3-1ABEB872DC46}.Release|Any CPU.ActiveCfg = Release|Any CPU
		{44B65A19-A286-4EED-AEA3-1ABEB872DC46}.Release|Any CPU.Build.0 = Release|Any CPU
		{9E8FCCC7-874A-4927-BBF3-D02D669EC258}.Debug|Any CPU.ActiveCfg = Debug|Any CPU
		{9E8FCCC7-874A-4927-BBF3-D02D669EC258}.Debug|Any CPU.Build.0 = Debug|Any CPU
		{9E8FCCC7-874A-4927-BBF3-D02D669EC258}.Release|Any CPU.ActiveCfg = Release|Any CPU
		{9E8FCCC7-874A-4927-BBF3-D02D669EC258}.Release|Any CPU.Build.0 = Release|Any CPU
		{3C195F0D-78BE-4E0B-A12A-E1AB3A7EB50E}.Debug|Any CPU.ActiveCfg = Debug|Any CPU
		{3C195F0D-78BE-4E0B-A12A-E1AB3A7EB50E}.Debug|Any CPU.Build.0 = Debug|Any CPU
		{3C195F0D-78BE-4E0B-A12A-E1AB3A7EB50E}.Release|Any CPU.ActiveCfg = Release|Any CPU
		{3C195F0D-78BE-4E0B-A12A-E1AB3A7EB50E}.Release|Any CPU.Build.0 = Release|Any CPU
		{1E8BBBF0-C469-48A0-8566-74003A24B771}.Debug|Any CPU.ActiveCfg = Debug|Any CPU
		{1E8BBBF0-C469-48A0-8566-74003A24B771}.Debug|Any CPU.Build.0 = Debug|Any CPU
		{1E8BBBF0-C469-48A0-8566-74003A24B771}.Release|Any CPU.ActiveCfg = Release|Any CPU
		{1E8BBBF0-C469-48A0-8566-74003A24B771}.Release|Any CPU.Build.0 = Release|Any CPU
		{77B78BB8-A75A-4F5C-8497-4627F25D7762}.Debug|Any CPU.ActiveCfg = Debug|Any CPU
		{77B78BB8-A75A-4F5C-8497-4627F25D7762}.Debug|Any CPU.Build.0 = Debug|Any CPU
		{77B78BB8-A75A-4F5C-8497-4627F25D7762}.Release|Any CPU.ActiveCfg = Release|Any CPU
		{77B78BB8-A75A-4F5C-8497-4627F25D7762}.Release|Any CPU.Build.0 = Release|Any CPU
		{D2F63F5B-D1A4-41BC-BF6B-24645FEB582E}.Debug|Any CPU.ActiveCfg = Debug|Any CPU
		{D2F63F5B-D1A4-41BC-BF6B-24645FEB582E}.Debug|Any CPU.Build.0 = Debug|Any CPU
		{D2F63F5B-D1A4-41BC-BF6B-24645FEB582E}.Release|Any CPU.ActiveCfg = Release|Any CPU
		{D2F63F5B-D1A4-41BC-BF6B-24645FEB582E}.Release|Any CPU.Build.0 = Release|Any CPU
		{551600E4-2B5C-42C2-8D2B-95C5D7E4FC85}.Debug|Any CPU.ActiveCfg = Debug|Any CPU
		{551600E4-2B5C-42C2-8D2B-95C5D7E4FC85}.Debug|Any CPU.Build.0 = Debug|Any CPU
		{551600E4-2B5C-42C2-8D2B-95C5D7E4FC85}.Release|Any CPU.ActiveCfg = Release|Any CPU
		{551600E4-2B5C-42C2-8D2B-95C5D7E4FC85}.Release|Any CPU.Build.0 = Release|Any CPU
		{786E352F-376E-4DE1-8D5B-9658643D927B}.Debug|Any CPU.ActiveCfg = Debug|Any CPU
		{786E352F-376E-4DE1-8D5B-9658643D927B}.Debug|Any CPU.Build.0 = Debug|Any CPU
		{786E352F-376E-4DE1-8D5B-9658643D927B}.Release|Any CPU.ActiveCfg = Release|Any CPU
		{786E352F-376E-4DE1-8D5B-9658643D927B}.Release|Any CPU.Build.0 = Release|Any CPU
		{EB01E5A3-D521-4B76-859B-BDE4F8AC2CF0}.Debug|Any CPU.ActiveCfg = Debug|Any CPU
		{EB01E5A3-D521-4B76-859B-BDE4F8AC2CF0}.Debug|Any CPU.Build.0 = Debug|Any CPU
		{EB01E5A3-D521-4B76-859B-BDE4F8AC2CF0}.Release|Any CPU.ActiveCfg = Release|Any CPU
		{EB01E5A3-D521-4B76-859B-BDE4F8AC2CF0}.Release|Any CPU.Build.0 = Release|Any CPU
		{4E3A646C-84A4-469A-B515-F74785B30EE7}.Debug|Any CPU.ActiveCfg = Debug|Any CPU
		{4E3A646C-84A4-469A-B515-F74785B30EE7}.Debug|Any CPU.Build.0 = Debug|Any CPU
		{4E3A646C-84A4-469A-B515-F74785B30EE7}.Release|Any CPU.ActiveCfg = Release|Any CPU
		{4E3A646C-84A4-469A-B515-F74785B30EE7}.Release|Any CPU.Build.0 = Release|Any CPU
		{E89D8373-49F2-4A89-867E-46480E91D4E7}.Debug|Any CPU.ActiveCfg = Debug|Any CPU
		{E89D8373-49F2-4A89-867E-46480E91D4E7}.Debug|Any CPU.Build.0 = Debug|Any CPU
		{E89D8373-49F2-4A89-867E-46480E91D4E7}.Release|Any CPU.ActiveCfg = Release|Any CPU
		{E89D8373-49F2-4A89-867E-46480E91D4E7}.Release|Any CPU.Build.0 = Release|Any CPU
		{FEA082FE-AEAE-417E-B83E-8762F55E99DA}.Debug|Any CPU.ActiveCfg = Debug|Any CPU
		{FEA082FE-AEAE-417E-B83E-8762F55E99DA}.Debug|Any CPU.Build.0 = Debug|Any CPU
		{FEA082FE-AEAE-417E-B83E-8762F55E99DA}.Release|Any CPU.ActiveCfg = Release|Any CPU
		{FEA082FE-AEAE-417E-B83E-8762F55E99DA}.Release|Any CPU.Build.0 = Release|Any CPU
		{EB529A0E-52B2-4118-AF8B-412BA0CDCD2B}.Debug|Any CPU.ActiveCfg = Debug|Any CPU
		{EB529A0E-52B2-4118-AF8B-412BA0CDCD2B}.Debug|Any CPU.Build.0 = Debug|Any CPU
		{EB529A0E-52B2-4118-AF8B-412BA0CDCD2B}.Release|Any CPU.ActiveCfg = Release|Any CPU
		{EB529A0E-52B2-4118-AF8B-412BA0CDCD2B}.Release|Any CPU.Build.0 = Release|Any CPU
		{DA627A53-0495-4835-AD68-86ECC1597131}.Debug|Any CPU.ActiveCfg = Debug|Any CPU
		{DA627A53-0495-4835-AD68-86ECC1597131}.Debug|Any CPU.Build.0 = Debug|Any CPU
		{DA627A53-0495-4835-AD68-86ECC1597131}.Release|Any CPU.ActiveCfg = Release|Any CPU
		{DA627A53-0495-4835-AD68-86ECC1597131}.Release|Any CPU.Build.0 = Release|Any CPU
		{6C6B3460-DA2F-4522-ACA8-9E00C3357810}.Debug|Any CPU.ActiveCfg = Debug|Any CPU
		{6C6B3460-DA2F-4522-ACA8-9E00C3357810}.Debug|Any CPU.Build.0 = Debug|Any CPU
		{6C6B3460-DA2F-4522-ACA8-9E00C3357810}.Release|Any CPU.ActiveCfg = Release|Any CPU
		{6C6B3460-DA2F-4522-ACA8-9E00C3357810}.Release|Any CPU.Build.0 = Release|Any CPU
		{3317CB26-0057-40A9-A879-09600F859EAE}.Debug|Any CPU.ActiveCfg = Debug|Any CPU
		{3317CB26-0057-40A9-A879-09600F859EAE}.Debug|Any CPU.Build.0 = Debug|Any CPU
		{3317CB26-0057-40A9-A879-09600F859EAE}.Release|Any CPU.ActiveCfg = Release|Any CPU
		{3317CB26-0057-40A9-A879-09600F859EAE}.Release|Any CPU.Build.0 = Release|Any CPU
		{757A7BE7-19A6-4AA5-B99C-2A776EA74B57}.Debug|Any CPU.ActiveCfg = Debug|Any CPU
		{757A7BE7-19A6-4AA5-B99C-2A776EA74B57}.Debug|Any CPU.Build.0 = Debug|Any CPU
		{757A7BE7-19A6-4AA5-B99C-2A776EA74B57}.Release|Any CPU.ActiveCfg = Release|Any CPU
		{757A7BE7-19A6-4AA5-B99C-2A776EA74B57}.Release|Any CPU.Build.0 = Release|Any CPU
		{728E8B65-F1AA-4B45-A465-9EF878350C89}.Debug|Any CPU.ActiveCfg = Debug|Any CPU
		{728E8B65-F1AA-4B45-A465-9EF878350C89}.Debug|Any CPU.Build.0 = Debug|Any CPU
		{728E8B65-F1AA-4B45-A465-9EF878350C89}.Release|Any CPU.ActiveCfg = Release|Any CPU
		{728E8B65-F1AA-4B45-A465-9EF878350C89}.Release|Any CPU.Build.0 = Release|Any CPU
		{D88FE0DA-91C4-484B-B572-4E81211FF2AB}.Debug|Any CPU.ActiveCfg = Debug|Any CPU
		{D88FE0DA-91C4-484B-B572-4E81211FF2AB}.Debug|Any CPU.Build.0 = Debug|Any CPU
		{D88FE0DA-91C4-484B-B572-4E81211FF2AB}.Release|Any CPU.ActiveCfg = Release|Any CPU
		{D88FE0DA-91C4-484B-B572-4E81211FF2AB}.Release|Any CPU.Build.0 = Release|Any CPU
		{771C0396-B4C7-4E63-B03F-847794FCF17E}.Debug|Any CPU.ActiveCfg = Debug|Any CPU
		{771C0396-B4C7-4E63-B03F-847794FCF17E}.Debug|Any CPU.Build.0 = Debug|Any CPU
		{771C0396-B4C7-4E63-B03F-847794FCF17E}.Release|Any CPU.ActiveCfg = Release|Any CPU
		{771C0396-B4C7-4E63-B03F-847794FCF17E}.Release|Any CPU.Build.0 = Release|Any CPU
		{C6949BAD-1F94-4D3E-897F-09FD32CCB2E7}.Debug|Any CPU.ActiveCfg = Debug|Any CPU
		{C6949BAD-1F94-4D3E-897F-09FD32CCB2E7}.Debug|Any CPU.Build.0 = Debug|Any CPU
		{C6949BAD-1F94-4D3E-897F-09FD32CCB2E7}.Release|Any CPU.ActiveCfg = Release|Any CPU
		{C6949BAD-1F94-4D3E-897F-09FD32CCB2E7}.Release|Any CPU.Build.0 = Release|Any CPU
	EndGlobalSection
	GlobalSection(SolutionProperties) = preSolution
		HideSolutionNode = FALSE
	EndGlobalSection
	GlobalSection(ExtensibilityGlobals) = postSolution
		SolutionGuid = {AACE14D8-07D1-40AA-81BB-64C3EF2FE36D}
	EndGlobalSection
EndGlobal
